// !$*UTF8*$!
{
	archiveVersion = 1;
	classes = {
	};
	objectVersion = 50;
	objects = {

/* Begin PBXBuildFile section */
		4C2B3165263BA92D00ED602C /* AppDelegate.swift in Sources */ = {isa = PBXBuildFile; fileRef = 4C2B3164263BA92D00ED602C /* AppDelegate.swift */; };
		4C2B3167263BA92D00ED602C /* SceneDelegate.swift in Sources */ = {isa = PBXBuildFile; fileRef = 4C2B3166263BA92D00ED602C /* SceneDelegate.swift */; };
		4C2B3169263BA92D00ED602C /* MoviesHomeViewController.swift in Sources */ = {isa = PBXBuildFile; fileRef = 4C2B3168263BA92D00ED602C /* MoviesHomeViewController.swift */; };
		4C2B316E263BA92E00ED602C /* Assets.xcassets in Resources */ = {isa = PBXBuildFile; fileRef = 4C2B316D263BA92E00ED602C /* Assets.xcassets */; };
		4C2B3171263BA92E00ED602C /* LaunchScreen.storyboard in Resources */ = {isa = PBXBuildFile; fileRef = 4C2B316F263BA92E00ED602C /* LaunchScreen.storyboard */; };
		4C2B3187263BA92E00ED602C /* MovielandUITests.swift in Sources */ = {isa = PBXBuildFile; fileRef = 4C2B3186263BA92E00ED602C /* MovielandUITests.swift */; };
		4C2B3197263BAC1000ED602C /* HTTPMethod.swift in Sources */ = {isa = PBXBuildFile; fileRef = 4C2B3196263BAC0F00ED602C /* HTTPMethod.swift */; };
		4C2B3199263BAC2F00ED602C /* NetworkError.swift in Sources */ = {isa = PBXBuildFile; fileRef = 4C2B3198263BAC2F00ED602C /* NetworkError.swift */; };
		4C2B319B263BAC4000ED602C /* NetworkResponse.swift in Sources */ = {isa = PBXBuildFile; fileRef = 4C2B319A263BAC4000ED602C /* NetworkResponse.swift */; };
		4C2B319E263BAC7A00ED602C /* ProviderProtocol.swift in Sources */ = {isa = PBXBuildFile; fileRef = 4C2B319D263BAC7A00ED602C /* ProviderProtocol.swift */; };
		4C2B31A0263BAC9D00ED602C /* ServiceProtocol.swift in Sources */ = {isa = PBXBuildFile; fileRef = 4C2B319F263BAC9D00ED602C /* ServiceProtocol.swift */; };
		4C2B31A2263BACB400ED602C /* URLSessionProtocol.swift in Sources */ = {isa = PBXBuildFile; fileRef = 4C2B31A1263BACB400ED602C /* URLSessionProtocol.swift */; };
		4C2B31A5263BACDB00ED602C /* URLSessionProvider.swift in Sources */ = {isa = PBXBuildFile; fileRef = 4C2B31A4263BACDB00ED602C /* URLSessionProvider.swift */; };
		4C2B31A8263BAE7900ED602C /* URLSessionExtension.swift in Sources */ = {isa = PBXBuildFile; fileRef = 4C2B31A7263BAE7900ED602C /* URLSessionExtension.swift */; };
		4C2B31AA263BAF9400ED602C /* URLRequestExtension.swift in Sources */ = {isa = PBXBuildFile; fileRef = 4C2B31A9263BAF9400ED602C /* URLRequestExtension.swift */; };
		4C2B31AC263BAFC500ED602C /* URLComponentsExtension.swift in Sources */ = {isa = PBXBuildFile; fileRef = 4C2B31AB263BAFC500ED602C /* URLComponentsExtension.swift */; };
		4C2B31AF263BB0D500ED602C /* NetworkContants.swift in Sources */ = {isa = PBXBuildFile; fileRef = 4C2B31AE263BB0D500ED602C /* NetworkContants.swift */; };
		4C2B31B2263BB22C00ED602C /* MoviesEndpoints.swift in Sources */ = {isa = PBXBuildFile; fileRef = 4C2B31B1263BB22C00ED602C /* MoviesEndpoints.swift */; };
		4C2B31B8263BB3E500ED602C /* Movie.swift in Sources */ = {isa = PBXBuildFile; fileRef = 4C2B31B7263BB3E500ED602C /* Movie.swift */; };
		4C2B31BA263BB44300ED602C /* Popular.swift in Sources */ = {isa = PBXBuildFile; fileRef = 4C2B31B9263BB44300ED602C /* Popular.swift */; };
		4C2B31BC263BB89700ED602C /* HTTPTask.swift in Sources */ = {isa = PBXBuildFile; fileRef = 4C2B31BB263BB89700ED602C /* HTTPTask.swift */; };
		4C2B31BE263BB93500ED602C /* ParameterEncoding.swift in Sources */ = {isa = PBXBuildFile; fileRef = 4C2B31BD263BB93500ED602C /* ParameterEncoding.swift */; };
		4C2B31C0263BB97D00ED602C /* URLParameterEncoder.swift in Sources */ = {isa = PBXBuildFile; fileRef = 4C2B31BF263BB97D00ED602C /* URLParameterEncoder.swift */; };
		4CB61DC5263CD7FF001E2065 /* MoviesHomeViewModel.swift in Sources */ = {isa = PBXBuildFile; fileRef = 4CB61DC4263CD7FF001E2065 /* MoviesHomeViewModel.swift */; };
		4CE7C7AB263E159E0006232D /* Constants.swift in Sources */ = {isa = PBXBuildFile; fileRef = 4CE7C7AA263E159E0006232D /* Constants.swift */; };
		4CE7C7AD263E16120006232D /* PopularMoviesCollectionViewCell.swift in Sources */ = {isa = PBXBuildFile; fileRef = 4CE7C7AC263E16120006232D /* PopularMoviesCollectionViewCell.swift */; };
		4CE7C7AF264087F10006232D /* JSONSerialization.swift in Sources */ = {isa = PBXBuildFile; fileRef = 4CE7C7AE264087F10006232D /* JSONSerialization.swift */; };
		4CE7C7B2264199EE0006232D /* MovieDetailViewController.swift in Sources */ = {isa = PBXBuildFile; fileRef = 4CE7C7B1264199EE0006232D /* MovieDetailViewController.swift */; };
		4CE7C7B426419A1D0006232D /* MovieDetailView.swift in Sources */ = {isa = PBXBuildFile; fileRef = 4CE7C7B326419A1D0006232D /* MovieDetailView.swift */; };
		4CEBB93B2641CDD100D1981A /* MoveDetailServices.swift in Sources */ = {isa = PBXBuildFile; fileRef = 4CEBB93A2641CDD100D1981A /* MoveDetailServices.swift */; };
		4CEBB93D2641CE5000D1981A /* MovieDetailEndpoints.swift in Sources */ = {isa = PBXBuildFile; fileRef = 4CEBB93C2641CE5000D1981A /* MovieDetailEndpoints.swift */; };
		4CEBB9402641CF3800D1981A /* Video.swift in Sources */ = {isa = PBXBuildFile; fileRef = 4CEBB93F2641CF3800D1981A /* Video.swift */; };
		4CEBB9422641CF4A00D1981A /* VideosResult.swift in Sources */ = {isa = PBXBuildFile; fileRef = 4CEBB9412641CF4A00D1981A /* VideosResult.swift */; };
		4CEBB9442641D23500D1981A /* MovieDetailViewModel.swift in Sources */ = {isa = PBXBuildFile; fileRef = 4CEBB9432641D23500D1981A /* MovieDetailViewModel.swift */; };
		4CEBB9492642E79600D1981A /* MovieDetailTests.swift in Sources */ = {isa = PBXBuildFile; fileRef = 4CEBB9482642E79600D1981A /* MovieDetailTests.swift */; };
		4CEBB94C264311B800D1981A /* FilterMoviesViewController.swift in Sources */ = {isa = PBXBuildFile; fileRef = 4CEBB94B264311B800D1981A /* FilterMoviesViewController.swift */; };
		4CEBB94F2643132100D1981A /* Filter.swift in Sources */ = {isa = PBXBuildFile; fileRef = 4CEBB94E2643132100D1981A /* Filter.swift */; };
		5721CA202643190F008DF256 /* ImageCache.swift in Sources */ = {isa = PBXBuildFile; fileRef = 5721CA1F2643190F008DF256 /* ImageCache.swift */; };
		573912C8263CDB13001F3CCA /* MoviesHomeView.swift in Sources */ = {isa = PBXBuildFile; fileRef = 573912C7263CDB13001F3CCA /* MoviesHomeView.swift */; };
		575209B4264347EA0031CC12 /* Localizable.strings in Resources */ = {isa = PBXBuildFile; fileRef = 575209B6264347EA0031CC12 /* Localizable.strings */; };
		575209B9264348E00031CC12 /* String+Localized.swift in Sources */ = {isa = PBXBuildFile; fileRef = 575209B8264348E00031CC12 /* String+Localized.swift */; };
		575209BB264349B30031CC12 /* StringExtension.swift in Sources */ = {isa = PBXBuildFile; fileRef = 575209BA264349B30031CC12 /* StringExtension.swift */; };
		575209BD2643748B0031CC12 /* UserDefaultsManager.swift in Sources */ = {isa = PBXBuildFile; fileRef = 575209BC2643748B0031CC12 /* UserDefaultsManager.swift */; };
/* End PBXBuildFile section */

/* Begin PBXContainerItemProxy section */
		4C2B3178263BA92E00ED602C /* PBXContainerItemProxy */ = {
			isa = PBXContainerItemProxy;
			containerPortal = 4C2B3159263BA92D00ED602C /* Project object */;
			proxyType = 1;
			remoteGlobalIDString = 4C2B3160263BA92D00ED602C;
			remoteInfo = Movieland;
		};
		4C2B3183263BA92E00ED602C /* PBXContainerItemProxy */ = {
			isa = PBXContainerItemProxy;
			containerPortal = 4C2B3159263BA92D00ED602C /* Project object */;
			proxyType = 1;
			remoteGlobalIDString = 4C2B3160263BA92D00ED602C;
			remoteInfo = Movieland;
		};
/* End PBXContainerItemProxy section */

/* Begin PBXFileReference section */
		4C2B3161263BA92D00ED602C /* Movieland.app */ = {isa = PBXFileReference; explicitFileType = wrapper.application; includeInIndex = 0; path = Movieland.app; sourceTree = BUILT_PRODUCTS_DIR; };
		4C2B3164263BA92D00ED602C /* AppDelegate.swift */ = {isa = PBXFileReference; lastKnownFileType = sourcecode.swift; path = AppDelegate.swift; sourceTree = "<group>"; };
		4C2B3166263BA92D00ED602C /* SceneDelegate.swift */ = {isa = PBXFileReference; lastKnownFileType = sourcecode.swift; path = SceneDelegate.swift; sourceTree = "<group>"; };
		4C2B3168263BA92D00ED602C /* MoviesHomeViewController.swift */ = {isa = PBXFileReference; lastKnownFileType = sourcecode.swift; path = MoviesHomeViewController.swift; sourceTree = "<group>"; };
		4C2B316D263BA92E00ED602C /* Assets.xcassets */ = {isa = PBXFileReference; lastKnownFileType = folder.assetcatalog; path = Assets.xcassets; sourceTree = "<group>"; };
		4C2B3170263BA92E00ED602C /* Base */ = {isa = PBXFileReference; lastKnownFileType = file.storyboard; name = Base; path = Base.lproj/LaunchScreen.storyboard; sourceTree = "<group>"; };
		4C2B3172263BA92E00ED602C /* Info.plist */ = {isa = PBXFileReference; lastKnownFileType = text.plist.xml; path = Info.plist; sourceTree = "<group>"; };
		4C2B3177263BA92E00ED602C /* MovielandTests.xctest */ = {isa = PBXFileReference; explicitFileType = wrapper.cfbundle; includeInIndex = 0; path = MovielandTests.xctest; sourceTree = BUILT_PRODUCTS_DIR; };
		4C2B317D263BA92E00ED602C /* Info.plist */ = {isa = PBXFileReference; lastKnownFileType = text.plist.xml; path = Info.plist; sourceTree = "<group>"; };
		4C2B3182263BA92E00ED602C /* MovielandUITests.xctest */ = {isa = PBXFileReference; explicitFileType = wrapper.cfbundle; includeInIndex = 0; path = MovielandUITests.xctest; sourceTree = BUILT_PRODUCTS_DIR; };
		4C2B3186263BA92E00ED602C /* MovielandUITests.swift */ = {isa = PBXFileReference; lastKnownFileType = sourcecode.swift; path = MovielandUITests.swift; sourceTree = "<group>"; };
		4C2B3188263BA92E00ED602C /* Info.plist */ = {isa = PBXFileReference; lastKnownFileType = text.plist.xml; path = Info.plist; sourceTree = "<group>"; };
		4C2B3196263BAC0F00ED602C /* HTTPMethod.swift */ = {isa = PBXFileReference; lastKnownFileType = sourcecode.swift; path = HTTPMethod.swift; sourceTree = "<group>"; };
		4C2B3198263BAC2F00ED602C /* NetworkError.swift */ = {isa = PBXFileReference; lastKnownFileType = sourcecode.swift; path = NetworkError.swift; sourceTree = "<group>"; };
		4C2B319A263BAC4000ED602C /* NetworkResponse.swift */ = {isa = PBXFileReference; lastKnownFileType = sourcecode.swift; path = NetworkResponse.swift; sourceTree = "<group>"; };
		4C2B319D263BAC7A00ED602C /* ProviderProtocol.swift */ = {isa = PBXFileReference; lastKnownFileType = sourcecode.swift; path = ProviderProtocol.swift; sourceTree = "<group>"; };
		4C2B319F263BAC9D00ED602C /* ServiceProtocol.swift */ = {isa = PBXFileReference; lastKnownFileType = sourcecode.swift; path = ServiceProtocol.swift; sourceTree = "<group>"; };
		4C2B31A1263BACB400ED602C /* URLSessionProtocol.swift */ = {isa = PBXFileReference; lastKnownFileType = sourcecode.swift; path = URLSessionProtocol.swift; sourceTree = "<group>"; };
		4C2B31A4263BACDB00ED602C /* URLSessionProvider.swift */ = {isa = PBXFileReference; lastKnownFileType = sourcecode.swift; path = URLSessionProvider.swift; sourceTree = "<group>"; };
		4C2B31A7263BAE7900ED602C /* URLSessionExtension.swift */ = {isa = PBXFileReference; lastKnownFileType = sourcecode.swift; path = URLSessionExtension.swift; sourceTree = "<group>"; };
		4C2B31A9263BAF9400ED602C /* URLRequestExtension.swift */ = {isa = PBXFileReference; lastKnownFileType = sourcecode.swift; path = URLRequestExtension.swift; sourceTree = "<group>"; };
		4C2B31AB263BAFC500ED602C /* URLComponentsExtension.swift */ = {isa = PBXFileReference; lastKnownFileType = sourcecode.swift; path = URLComponentsExtension.swift; sourceTree = "<group>"; };
		4C2B31AE263BB0D500ED602C /* NetworkContants.swift */ = {isa = PBXFileReference; lastKnownFileType = sourcecode.swift; path = NetworkContants.swift; sourceTree = "<group>"; };
		4C2B31B1263BB22C00ED602C /* MoviesEndpoints.swift */ = {isa = PBXFileReference; lastKnownFileType = sourcecode.swift; path = MoviesEndpoints.swift; sourceTree = "<group>"; };
		4C2B31B7263BB3E500ED602C /* Movie.swift */ = {isa = PBXFileReference; lastKnownFileType = sourcecode.swift; path = Movie.swift; sourceTree = "<group>"; };
		4C2B31B9263BB44300ED602C /* Popular.swift */ = {isa = PBXFileReference; lastKnownFileType = sourcecode.swift; path = Popular.swift; sourceTree = "<group>"; };
		4C2B31BB263BB89700ED602C /* HTTPTask.swift */ = {isa = PBXFileReference; lastKnownFileType = sourcecode.swift; path = HTTPTask.swift; sourceTree = "<group>"; };
		4C2B31BD263BB93500ED602C /* ParameterEncoding.swift */ = {isa = PBXFileReference; lastKnownFileType = sourcecode.swift; path = ParameterEncoding.swift; sourceTree = "<group>"; };
		4C2B31BF263BB97D00ED602C /* URLParameterEncoder.swift */ = {isa = PBXFileReference; lastKnownFileType = sourcecode.swift; path = URLParameterEncoder.swift; sourceTree = "<group>"; };
		4CB61DC4263CD7FF001E2065 /* MoviesHomeViewModel.swift */ = {isa = PBXFileReference; fileEncoding = 4; lastKnownFileType = sourcecode.swift; path = MoviesHomeViewModel.swift; sourceTree = "<group>"; };
		4CE7C7AA263E159E0006232D /* Constants.swift */ = {isa = PBXFileReference; lastKnownFileType = sourcecode.swift; path = Constants.swift; sourceTree = "<group>"; };
		4CE7C7AC263E16120006232D /* PopularMoviesCollectionViewCell.swift */ = {isa = PBXFileReference; lastKnownFileType = sourcecode.swift; path = PopularMoviesCollectionViewCell.swift; sourceTree = "<group>"; };
		4CE7C7AE264087F10006232D /* JSONSerialization.swift */ = {isa = PBXFileReference; lastKnownFileType = sourcecode.swift; path = JSONSerialization.swift; sourceTree = "<group>"; };
		4CE7C7B1264199EE0006232D /* MovieDetailViewController.swift */ = {isa = PBXFileReference; lastKnownFileType = sourcecode.swift; path = MovieDetailViewController.swift; sourceTree = "<group>"; };
		4CE7C7B326419A1D0006232D /* MovieDetailView.swift */ = {isa = PBXFileReference; lastKnownFileType = sourcecode.swift; path = MovieDetailView.swift; sourceTree = "<group>"; };
		4CEBB93A2641CDD100D1981A /* MoveDetailServices.swift */ = {isa = PBXFileReference; lastKnownFileType = sourcecode.swift; path = MoveDetailServices.swift; sourceTree = "<group>"; };
		4CEBB93C2641CE5000D1981A /* MovieDetailEndpoints.swift */ = {isa = PBXFileReference; lastKnownFileType = sourcecode.swift; path = MovieDetailEndpoints.swift; sourceTree = "<group>"; };
		4CEBB93F2641CF3800D1981A /* Video.swift */ = {isa = PBXFileReference; lastKnownFileType = sourcecode.swift; path = Video.swift; sourceTree = "<group>"; };
		4CEBB9412641CF4A00D1981A /* VideosResult.swift */ = {isa = PBXFileReference; lastKnownFileType = sourcecode.swift; path = VideosResult.swift; sourceTree = "<group>"; };
		4CEBB9432641D23500D1981A /* MovieDetailViewModel.swift */ = {isa = PBXFileReference; lastKnownFileType = sourcecode.swift; path = MovieDetailViewModel.swift; sourceTree = "<group>"; };
		4CEBB9482642E79600D1981A /* MovieDetailTests.swift */ = {isa = PBXFileReference; lastKnownFileType = sourcecode.swift; path = MovieDetailTests.swift; sourceTree = "<group>"; };
		4CEBB94B264311B800D1981A /* FilterMoviesViewController.swift */ = {isa = PBXFileReference; lastKnownFileType = sourcecode.swift; path = FilterMoviesViewController.swift; sourceTree = "<group>"; };
		4CEBB94E2643132100D1981A /* Filter.swift */ = {isa = PBXFileReference; lastKnownFileType = sourcecode.swift; path = Filter.swift; sourceTree = "<group>"; };
		4CEBB9522643A3FB00D1981A /* es */ = {isa = PBXFileReference; lastKnownFileType = text.plist.strings; name = es; path = es.lproj/LaunchScreen.strings; sourceTree = "<group>"; };
		5721CA1F2643190F008DF256 /* ImageCache.swift */ = {isa = PBXFileReference; lastKnownFileType = sourcecode.swift; path = ImageCache.swift; sourceTree = "<group>"; };
		573912C7263CDB13001F3CCA /* MoviesHomeView.swift */ = {isa = PBXFileReference; lastKnownFileType = sourcecode.swift; path = MoviesHomeView.swift; sourceTree = "<group>"; };
		575209B5264347EA0031CC12 /* en */ = {isa = PBXFileReference; lastKnownFileType = text.plist.strings; name = en; path = en.lproj/Localizable.strings; sourceTree = "<group>"; };
		575209B7264347EF0031CC12 /* es */ = {isa = PBXFileReference; lastKnownFileType = text.plist.strings; name = es; path = es.lproj/Localizable.strings; sourceTree = "<group>"; };
		575209B8264348E00031CC12 /* String+Localized.swift */ = {isa = PBXFileReference; lastKnownFileType = sourcecode.swift; path = "String+Localized.swift"; sourceTree = "<group>"; };
		575209BA264349B30031CC12 /* StringExtension.swift */ = {isa = PBXFileReference; lastKnownFileType = sourcecode.swift; path = StringExtension.swift; sourceTree = "<group>"; };
		575209BC2643748B0031CC12 /* UserDefaultsManager.swift */ = {isa = PBXFileReference; lastKnownFileType = sourcecode.swift; path = UserDefaultsManager.swift; sourceTree = "<group>"; };
/* End PBXFileReference section */

/* Begin PBXFrameworksBuildPhase section */
		4C2B315E263BA92D00ED602C /* Frameworks */ = {
			isa = PBXFrameworksBuildPhase;
			buildActionMask = 2147483647;
			files = (
			);
			runOnlyForDeploymentPostprocessing = 0;
		};
		4C2B3174263BA92E00ED602C /* Frameworks */ = {
			isa = PBXFrameworksBuildPhase;
			buildActionMask = 2147483647;
			files = (
			);
			runOnlyForDeploymentPostprocessing = 0;
		};
		4C2B317F263BA92E00ED602C /* Frameworks */ = {
			isa = PBXFrameworksBuildPhase;
			buildActionMask = 2147483647;
			files = (
			);
			runOnlyForDeploymentPostprocessing = 0;
		};
/* End PBXFrameworksBuildPhase section */

/* Begin PBXGroup section */
		4C2B3158263BA92D00ED602C = {
			isa = PBXGroup;
			children = (
				4C2B3163263BA92D00ED602C /* Movieland */,
				4C2B317A263BA92E00ED602C /* MovielandTests */,
				4C2B3185263BA92E00ED602C /* MovielandUITests */,
				4C2B3162263BA92D00ED602C /* Products */,
			);
			sourceTree = "<group>";
		};
		4C2B3162263BA92D00ED602C /* Products */ = {
			isa = PBXGroup;
			children = (
				4C2B3161263BA92D00ED602C /* Movieland.app */,
				4C2B3177263BA92E00ED602C /* MovielandTests.xctest */,
				4C2B3182263BA92E00ED602C /* MovielandUITests.xctest */,
			);
			name = Products;
			sourceTree = "<group>";
		};
		4C2B3163263BA92D00ED602C /* Movieland */ = {
			isa = PBXGroup;
			children = (
				4C2B3194263BAAAB00ED602C /* Network */,
				4CB61DBC263C9DE4001E2065 /* Application */,
				4C2B3164263BA92D00ED602C /* AppDelegate.swift */,
				4C2B3166263BA92D00ED602C /* SceneDelegate.swift */,
				4C2B316D263BA92E00ED602C /* Assets.xcassets */,
				4C2B316F263BA92E00ED602C /* LaunchScreen.storyboard */,
				4C2B3172263BA92E00ED602C /* Info.plist */,
			);
			path = Movieland;
			sourceTree = "<group>";
		};
		4C2B317A263BA92E00ED602C /* MovielandTests */ = {
			isa = PBXGroup;
			children = (
				4C2B317D263BA92E00ED602C /* Info.plist */,
				4CEBB9482642E79600D1981A /* MovieDetailTests.swift */,
			);
			path = MovielandTests;
			sourceTree = "<group>";
		};
		4C2B3185263BA92E00ED602C /* MovielandUITests */ = {
			isa = PBXGroup;
			children = (
				4C2B3186263BA92E00ED602C /* MovielandUITests.swift */,
				4C2B3188263BA92E00ED602C /* Info.plist */,
			);
			path = MovielandUITests;
			sourceTree = "<group>";
		};
		4C2B3194263BAAAB00ED602C /* Network */ = {
			isa = PBXGroup;
			children = (
				4C2B31B0263BB21800ED602C /* EndpointTypes */,
				4C2B31AD263BB0CB00ED602C /* Helpers */,
				4C2B31A6263BAE6A00ED602C /* Extensions */,
				4C2B31A3263BACCB00ED602C /* Provider */,
				4C2B319C263BAC6700ED602C /* Protocol */,
				4C2B3195263BABF600ED602C /* Enums */,
			);
			path = Network;
			sourceTree = "<group>";
		};
		4C2B3195263BABF600ED602C /* Enums */ = {
			isa = PBXGroup;
			children = (
				4C2B3196263BAC0F00ED602C /* HTTPMethod.swift */,
				4C2B3198263BAC2F00ED602C /* NetworkError.swift */,
				4C2B319A263BAC4000ED602C /* NetworkResponse.swift */,
				4C2B31BB263BB89700ED602C /* HTTPTask.swift */,
				4C2B31BD263BB93500ED602C /* ParameterEncoding.swift */,
			);
			path = Enums;
			sourceTree = "<group>";
		};
		4C2B319C263BAC6700ED602C /* Protocol */ = {
			isa = PBXGroup;
			children = (
				4C2B319D263BAC7A00ED602C /* ProviderProtocol.swift */,
				4C2B319F263BAC9D00ED602C /* ServiceProtocol.swift */,
				4C2B31A1263BACB400ED602C /* URLSessionProtocol.swift */,
			);
			path = Protocol;
			sourceTree = "<group>";
		};
		4C2B31A3263BACCB00ED602C /* Provider */ = {
			isa = PBXGroup;
			children = (
				4C2B31A4263BACDB00ED602C /* URLSessionProvider.swift */,
			);
			path = Provider;
			sourceTree = "<group>";
		};
		4C2B31A6263BAE6A00ED602C /* Extensions */ = {
			isa = PBXGroup;
			children = (
				4C2B31A7263BAE7900ED602C /* URLSessionExtension.swift */,
				4C2B31A9263BAF9400ED602C /* URLRequestExtension.swift */,
				4C2B31AB263BAFC500ED602C /* URLComponentsExtension.swift */,
				4CE7C7AE264087F10006232D /* JSONSerialization.swift */,
			);
			path = Extensions;
			sourceTree = "<group>";
		};
		4C2B31AD263BB0CB00ED602C /* Helpers */ = {
			isa = PBXGroup;
			children = (
				4C2B31AE263BB0D500ED602C /* NetworkContants.swift */,
				4C2B31BF263BB97D00ED602C /* URLParameterEncoder.swift */,
			);
			path = Helpers;
			sourceTree = "<group>";
		};
		4C2B31B0263BB21800ED602C /* EndpointTypes */ = {
			isa = PBXGroup;
			children = (
				4C2B31B1263BB22C00ED602C /* MoviesEndpoints.swift */,
				4CEBB93C2641CE5000D1981A /* MovieDetailEndpoints.swift */,
			);
			path = EndpointTypes;
			sourceTree = "<group>";
		};
		4C2B31B5263BB3CC00ED602C /* Model */ = {
			isa = PBXGroup;
			children = (
				4CEBB94D2643131A00D1981A /* Filter */,
				4CEBB93E2641CF3000D1981A /* MovieDetail */,
				4C2B31B6263BB3D300ED602C /* MoviesHome */,
			);
			path = Model;
			sourceTree = "<group>";
		};
		4C2B31B6263BB3D300ED602C /* MoviesHome */ = {
			isa = PBXGroup;
			children = (
				4C2B31B9263BB44300ED602C /* Popular.swift */,
				4C2B31B7263BB3E500ED602C /* Movie.swift */,
			);
			path = MoviesHome;
			sourceTree = "<group>";
		};
		4CB61DBA263C9DCB001E2065 /* ViewModel */ = {
			isa = PBXGroup;
			children = (
				4CEBB9452641D23B00D1981A /* MovieDetail */,
				4CB61DBE263C9E02001E2065 /* MoviesHome */,
			);
			path = ViewModel;
			sourceTree = "<group>";
		};
		4CB61DBC263C9DE4001E2065 /* Application */ = {
			isa = PBXGroup;
			children = (
				4CEBB9392641CDBD00D1981A /* Services */,
				4CE7C7A9263E15970006232D /* Helpers */,
				573912C3263CCC1E001F3CCA /* View */,
				4CB61DBA263C9DCB001E2065 /* ViewModel */,
				4C2B31B5263BB3CC00ED602C /* Model */,
				575209B1264347910031CC12 /* Supporting Files */,
			);
			path = Application;
			sourceTree = "<group>";
		};
		4CB61DBE263C9E02001E2065 /* MoviesHome */ = {
			isa = PBXGroup;
			children = (
				4CB61DC4263CD7FF001E2065 /* MoviesHomeViewModel.swift */,
			);
			path = MoviesHome;
			sourceTree = "<group>";
		};
		4CE7C7A9263E15970006232D /* Helpers */ = {
			isa = PBXGroup;
			children = (
				5721CA1D264318B3008DF256 /* Constants */,
				575209B0264347820031CC12 /* Extensions */,
				5721CA1E264318C4008DF256 /* Utilities */,
			);
			path = Helpers;
			sourceTree = "<group>";
		};
		4CE7C7B0264199D20006232D /* MovieDetail */ = {
			isa = PBXGroup;
			children = (
				4CE7C7B1264199EE0006232D /* MovieDetailViewController.swift */,
				4CE7C7B326419A1D0006232D /* MovieDetailView.swift */,
			);
			path = MovieDetail;
			sourceTree = "<group>";
		};
		4CEBB9392641CDBD00D1981A /* Services */ = {
			isa = PBXGroup;
			children = (
				4CEBB93A2641CDD100D1981A /* MoveDetailServices.swift */,
			);
			path = Services;
			sourceTree = "<group>";
		};
		4CEBB93E2641CF3000D1981A /* MovieDetail */ = {
			isa = PBXGroup;
			children = (
				4CEBB93F2641CF3800D1981A /* Video.swift */,
				4CEBB9412641CF4A00D1981A /* VideosResult.swift */,
			);
			path = MovieDetail;
			sourceTree = "<group>";
		};
		4CEBB9452641D23B00D1981A /* MovieDetail */ = {
			isa = PBXGroup;
			children = (
				4CEBB9432641D23500D1981A /* MovieDetailViewModel.swift */,
			);
			path = MovieDetail;
			sourceTree = "<group>";
		};
		4CEBB94A264311AA00D1981A /* FilterMovies */ = {
			isa = PBXGroup;
			children = (
				4CEBB94B264311B800D1981A /* FilterMoviesViewController.swift */,
			);
			path = FilterMovies;
			sourceTree = "<group>";
		};
		4CEBB94D2643131A00D1981A /* Filter */ = {
			isa = PBXGroup;
			children = (
				4CEBB94E2643132100D1981A /* Filter.swift */,
			);
			path = Filter;
			sourceTree = "<group>";
		};
		5721CA1D264318B3008DF256 /* Constants */ = {
			isa = PBXGroup;
			children = (
				4CE7C7AA263E159E0006232D /* Constants.swift */,
			);
			path = Constants;
			sourceTree = "<group>";
		};
		5721CA1E264318C4008DF256 /* Utilities */ = {
			isa = PBXGroup;
			children = (
				5721CA1F2643190F008DF256 /* ImageCache.swift */,
				575209BC2643748B0031CC12 /* UserDefaultsManager.swift */,
			);
			path = Utilities;
			sourceTree = "<group>";
		};
		573912C3263CCC1E001F3CCA /* View */ = {
			isa = PBXGroup;
			children = (
				4CEBB94A264311AA00D1981A /* FilterMovies */,
				4CE7C7B0264199D20006232D /* MovieDetail */,
				573912C4263CCC22001F3CCA /* MoviesHome */,
			);
			path = View;
			sourceTree = "<group>";
		};
		573912C4263CCC22001F3CCA /* MoviesHome */ = {
			isa = PBXGroup;
			children = (
				573912C7263CDB13001F3CCA /* MoviesHomeView.swift */,
				4C2B3168263BA92D00ED602C /* MoviesHomeViewController.swift */,
				4CE7C7AC263E16120006232D /* PopularMoviesCollectionViewCell.swift */,
			);
			path = MoviesHome;
			sourceTree = "<group>";
		};
		575209B0264347820031CC12 /* Extensions */ = {
			isa = PBXGroup;
			children = (
				575209BA264349B30031CC12 /* StringExtension.swift */,
				575209B8264348E00031CC12 /* String+Localized.swift */,
			);
			path = Extensions;
			sourceTree = "<group>";
		};
		575209B1264347910031CC12 /* Supporting Files */ = {
			isa = PBXGroup;
			children = (
				575209B6264347EA0031CC12 /* Localizable.strings */,
			);
			path = "Supporting Files";
			sourceTree = "<group>";
		};
/* End PBXGroup section */

/* Begin PBXNativeTarget section */
		4C2B3160263BA92D00ED602C /* Movieland */ = {
			isa = PBXNativeTarget;
			buildConfigurationList = 4C2B318B263BA92E00ED602C /* Build configuration list for PBXNativeTarget "Movieland" */;
			buildPhases = (
				4C2B315D263BA92D00ED602C /* Sources */,
				4C2B315E263BA92D00ED602C /* Frameworks */,
				4C2B315F263BA92D00ED602C /* Resources */,
			);
			buildRules = (
			);
			dependencies = (
			);
			name = Movieland;
			productName = Movieland;
			productReference = 4C2B3161263BA92D00ED602C /* Movieland.app */;
			productType = "com.apple.product-type.application";
		};
		4C2B3176263BA92E00ED602C /* MovielandTests */ = {
			isa = PBXNativeTarget;
			buildConfigurationList = 4C2B318E263BA92E00ED602C /* Build configuration list for PBXNativeTarget "MovielandTests" */;
			buildPhases = (
				4C2B3173263BA92E00ED602C /* Sources */,
				4C2B3174263BA92E00ED602C /* Frameworks */,
				4C2B3175263BA92E00ED602C /* Resources */,
			);
			buildRules = (
			);
			dependencies = (
				4C2B3179263BA92E00ED602C /* PBXTargetDependency */,
			);
			name = MovielandTests;
			productName = MovielandTests;
			productReference = 4C2B3177263BA92E00ED602C /* MovielandTests.xctest */;
			productType = "com.apple.product-type.bundle.unit-test";
		};
		4C2B3181263BA92E00ED602C /* MovielandUITests */ = {
			isa = PBXNativeTarget;
			buildConfigurationList = 4C2B3191263BA92E00ED602C /* Build configuration list for PBXNativeTarget "MovielandUITests" */;
			buildPhases = (
				4C2B317E263BA92E00ED602C /* Sources */,
				4C2B317F263BA92E00ED602C /* Frameworks */,
				4C2B3180263BA92E00ED602C /* Resources */,
			);
			buildRules = (
			);
			dependencies = (
				4C2B3184263BA92E00ED602C /* PBXTargetDependency */,
			);
			name = MovielandUITests;
			productName = MovielandUITests;
			productReference = 4C2B3182263BA92E00ED602C /* MovielandUITests.xctest */;
			productType = "com.apple.product-type.bundle.ui-testing";
		};
/* End PBXNativeTarget section */

/* Begin PBXProject section */
		4C2B3159263BA92D00ED602C /* Project object */ = {
			isa = PBXProject;
			attributes = {
				LastSwiftUpdateCheck = 1250;
				LastUpgradeCheck = 1250;
				TargetAttributes = {
					4C2B3160263BA92D00ED602C = {
						CreatedOnToolsVersion = 12.5;
					};
					4C2B3176263BA92E00ED602C = {
						CreatedOnToolsVersion = 12.5;
						TestTargetID = 4C2B3160263BA92D00ED602C;
					};
					4C2B3181263BA92E00ED602C = {
						CreatedOnToolsVersion = 12.5;
						TestTargetID = 4C2B3160263BA92D00ED602C;
					};
				};
			};
			buildConfigurationList = 4C2B315C263BA92D00ED602C /* Build configuration list for PBXProject "Movieland" */;
			compatibilityVersion = "Xcode 9.3";
			developmentRegion = en;
			hasScannedForEncodings = 0;
			knownRegions = (
				en,
				Base,
				es,
			);
			mainGroup = 4C2B3158263BA92D00ED602C;
			productRefGroup = 4C2B3162263BA92D00ED602C /* Products */;
			projectDirPath = "";
			projectRoot = "";
			targets = (
				4C2B3160263BA92D00ED602C /* Movieland */,
				4C2B3176263BA92E00ED602C /* MovielandTests */,
				4C2B3181263BA92E00ED602C /* MovielandUITests */,
			);
		};
/* End PBXProject section */

/* Begin PBXResourcesBuildPhase section */
		4C2B315F263BA92D00ED602C /* Resources */ = {
			isa = PBXResourcesBuildPhase;
			buildActionMask = 2147483647;
			files = (
				4C2B3171263BA92E00ED602C /* LaunchScreen.storyboard in Resources */,
				575209B4264347EA0031CC12 /* Localizable.strings in Resources */,
				4C2B316E263BA92E00ED602C /* Assets.xcassets in Resources */,
			);
			runOnlyForDeploymentPostprocessing = 0;
		};
		4C2B3175263BA92E00ED602C /* Resources */ = {
			isa = PBXResourcesBuildPhase;
			buildActionMask = 2147483647;
			files = (
			);
			runOnlyForDeploymentPostprocessing = 0;
		};
		4C2B3180263BA92E00ED602C /* Resources */ = {
			isa = PBXResourcesBuildPhase;
			buildActionMask = 2147483647;
			files = (
			);
			runOnlyForDeploymentPostprocessing = 0;
		};
/* End PBXResourcesBuildPhase section */

/* Begin PBXSourcesBuildPhase section */
		4C2B315D263BA92D00ED602C /* Sources */ = {
			isa = PBXSourcesBuildPhase;
			buildActionMask = 2147483647;
			files = (
				4C2B31A2263BACB400ED602C /* URLSessionProtocol.swift in Sources */,
				4C2B31A5263BACDB00ED602C /* URLSessionProvider.swift in Sources */,
				4C2B3197263BAC1000ED602C /* HTTPMethod.swift in Sources */,
				575209BB264349B30031CC12 /* StringExtension.swift in Sources */,
				4C2B31AC263BAFC500ED602C /* URLComponentsExtension.swift in Sources */,
				4CE7C7B2264199EE0006232D /* MovieDetailViewController.swift in Sources */,
				5721CA202643190F008DF256 /* ImageCache.swift in Sources */,
				4CEBB93B2641CDD100D1981A /* MoveDetailServices.swift in Sources */,
				4C2B31B2263BB22C00ED602C /* MoviesEndpoints.swift in Sources */,
				4C2B3169263BA92D00ED602C /* MoviesHomeViewController.swift in Sources */,
				4CE7C7AB263E159E0006232D /* Constants.swift in Sources */,
				4C2B31BA263BB44300ED602C /* Popular.swift in Sources */,
				4C2B31B8263BB3E500ED602C /* Movie.swift in Sources */,
				4C2B31C0263BB97D00ED602C /* URLParameterEncoder.swift in Sources */,
				4C2B3165263BA92D00ED602C /* AppDelegate.swift in Sources */,
				4CE7C7B426419A1D0006232D /* MovieDetailView.swift in Sources */,
				4C2B31AF263BB0D500ED602C /* NetworkContants.swift in Sources */,
				4C2B31A0263BAC9D00ED602C /* ServiceProtocol.swift in Sources */,
				4C2B3167263BA92D00ED602C /* SceneDelegate.swift in Sources */,
				575209B9264348E00031CC12 /* String+Localized.swift in Sources */,
				4C2B31BC263BB89700ED602C /* HTTPTask.swift in Sources */,
				4C2B3199263BAC2F00ED602C /* NetworkError.swift in Sources */,
				4C2B31BE263BB93500ED602C /* ParameterEncoding.swift in Sources */,
				4CEBB9442641D23500D1981A /* MovieDetailViewModel.swift in Sources */,
				575209BD2643748B0031CC12 /* UserDefaultsManager.swift in Sources */,
				4CEBB94C264311B800D1981A /* FilterMoviesViewController.swift in Sources */,
				4CB61DC5263CD7FF001E2065 /* MoviesHomeViewModel.swift in Sources */,
				4CE7C7AF264087F10006232D /* JSONSerialization.swift in Sources */,
				4CEBB93D2641CE5000D1981A /* MovieDetailEndpoints.swift in Sources */,
				4C2B319B263BAC4000ED602C /* NetworkResponse.swift in Sources */,
				573912C8263CDB13001F3CCA /* MoviesHomeView.swift in Sources */,
				4CEBB9402641CF3800D1981A /* Video.swift in Sources */,
				4C2B31AA263BAF9400ED602C /* URLRequestExtension.swift in Sources */,
				4CE7C7AD263E16120006232D /* PopularMoviesCollectionViewCell.swift in Sources */,
				4C2B319E263BAC7A00ED602C /* ProviderProtocol.swift in Sources */,
				4CEBB9422641CF4A00D1981A /* VideosResult.swift in Sources */,
				4C2B31A8263BAE7900ED602C /* URLSessionExtension.swift in Sources */,
				4CEBB94F2643132100D1981A /* Filter.swift in Sources */,
			);
			runOnlyForDeploymentPostprocessing = 0;
		};
		4C2B3173263BA92E00ED602C /* Sources */ = {
			isa = PBXSourcesBuildPhase;
			buildActionMask = 2147483647;
			files = (
				4CEBB9492642E79600D1981A /* MovieDetailTests.swift in Sources */,
			);
			runOnlyForDeploymentPostprocessing = 0;
		};
		4C2B317E263BA92E00ED602C /* Sources */ = {
			isa = PBXSourcesBuildPhase;
			buildActionMask = 2147483647;
			files = (
				4C2B3187263BA92E00ED602C /* MovielandUITests.swift in Sources */,
			);
			runOnlyForDeploymentPostprocessing = 0;
		};
/* End PBXSourcesBuildPhase section */

/* Begin PBXTargetDependency section */
		4C2B3179263BA92E00ED602C /* PBXTargetDependency */ = {
			isa = PBXTargetDependency;
			target = 4C2B3160263BA92D00ED602C /* Movieland */;
			targetProxy = 4C2B3178263BA92E00ED602C /* PBXContainerItemProxy */;
		};
		4C2B3184263BA92E00ED602C /* PBXTargetDependency */ = {
			isa = PBXTargetDependency;
			target = 4C2B3160263BA92D00ED602C /* Movieland */;
			targetProxy = 4C2B3183263BA92E00ED602C /* PBXContainerItemProxy */;
		};
/* End PBXTargetDependency section */

/* Begin PBXVariantGroup section */
		4C2B316F263BA92E00ED602C /* LaunchScreen.storyboard */ = {
			isa = PBXVariantGroup;
			children = (
				4C2B3170263BA92E00ED602C /* Base */,
				4CEBB9522643A3FB00D1981A /* es */,
			);
			name = LaunchScreen.storyboard;
			sourceTree = "<group>";
		};
		575209B6264347EA0031CC12 /* Localizable.strings */ = {
			isa = PBXVariantGroup;
			children = (
				575209B5264347EA0031CC12 /* en */,
				575209B7264347EF0031CC12 /* es */,
			);
			name = Localizable.strings;
			sourceTree = "<group>";
		};
/* End PBXVariantGroup section */

/* Begin XCBuildConfiguration section */
		4C2B3189263BA92E00ED602C /* Debug */ = {
			isa = XCBuildConfiguration;
			buildSettings = {
				ALWAYS_SEARCH_USER_PATHS = NO;
				CLANG_ANALYZER_LOCALIZABILITY_NONLOCALIZED = YES;
				CLANG_ANALYZER_NONNULL = YES;
				CLANG_ANALYZER_NUMBER_OBJECT_CONVERSION = YES_AGGRESSIVE;
				CLANG_CXX_LANGUAGE_STANDARD = "gnu++14";
				CLANG_CXX_LIBRARY = "libc++";
				CLANG_ENABLE_MODULES = YES;
				CLANG_ENABLE_OBJC_ARC = YES;
				CLANG_ENABLE_OBJC_WEAK = YES;
				CLANG_WARN_BLOCK_CAPTURE_AUTORELEASING = YES;
				CLANG_WARN_BOOL_CONVERSION = YES;
				CLANG_WARN_COMMA = YES;
				CLANG_WARN_CONSTANT_CONVERSION = YES;
				CLANG_WARN_DEPRECATED_OBJC_IMPLEMENTATIONS = YES;
				CLANG_WARN_DIRECT_OBJC_ISA_USAGE = YES_ERROR;
				CLANG_WARN_DOCUMENTATION_COMMENTS = YES;
				CLANG_WARN_EMPTY_BODY = YES;
				CLANG_WARN_ENUM_CONVERSION = YES;
				CLANG_WARN_INFINITE_RECURSION = YES;
				CLANG_WARN_INT_CONVERSION = YES;
				CLANG_WARN_NON_LITERAL_NULL_CONVERSION = YES;
				CLANG_WARN_OBJC_IMPLICIT_RETAIN_SELF = YES;
				CLANG_WARN_OBJC_LITERAL_CONVERSION = YES;
				CLANG_WARN_OBJC_ROOT_CLASS = YES_ERROR;
				CLANG_WARN_QUOTED_INCLUDE_IN_FRAMEWORK_HEADER = YES;
				CLANG_WARN_RANGE_LOOP_ANALYSIS = YES;
				CLANG_WARN_STRICT_PROTOTYPES = YES;
				CLANG_WARN_SUSPICIOUS_MOVE = YES;
				CLANG_WARN_UNGUARDED_AVAILABILITY = YES_AGGRESSIVE;
				CLANG_WARN_UNREACHABLE_CODE = YES;
				CLANG_WARN__DUPLICATE_METHOD_MATCH = YES;
				COPY_PHASE_STRIP = NO;
				DEBUG_INFORMATION_FORMAT = dwarf;
				ENABLE_STRICT_OBJC_MSGSEND = YES;
				ENABLE_TESTABILITY = YES;
				GCC_C_LANGUAGE_STANDARD = gnu11;
				GCC_DYNAMIC_NO_PIC = NO;
				GCC_NO_COMMON_BLOCKS = YES;
				GCC_OPTIMIZATION_LEVEL = 0;
				GCC_PREPROCESSOR_DEFINITIONS = (
					"DEBUG=1",
					"$(inherited)",
				);
				GCC_WARN_64_TO_32_BIT_CONVERSION = YES;
				GCC_WARN_ABOUT_RETURN_TYPE = YES_ERROR;
				GCC_WARN_UNDECLARED_SELECTOR = YES;
				GCC_WARN_UNINITIALIZED_AUTOS = YES_AGGRESSIVE;
				GCC_WARN_UNUSED_FUNCTION = YES;
				GCC_WARN_UNUSED_VARIABLE = YES;
				IPHONEOS_DEPLOYMENT_TARGET = 14.5;
				MTL_ENABLE_DEBUG_INFO = INCLUDE_SOURCE;
				MTL_FAST_MATH = YES;
				ONLY_ACTIVE_ARCH = YES;
				SDKROOT = iphoneos;
				SWIFT_ACTIVE_COMPILATION_CONDITIONS = DEBUG;
				SWIFT_OPTIMIZATION_LEVEL = "-Onone";
			};
			name = Debug;
		};
		4C2B318A263BA92E00ED602C /* Release */ = {
			isa = XCBuildConfiguration;
			buildSettings = {
				ALWAYS_SEARCH_USER_PATHS = NO;
				CLANG_ANALYZER_LOCALIZABILITY_NONLOCALIZED = YES;
				CLANG_ANALYZER_NONNULL = YES;
				CLANG_ANALYZER_NUMBER_OBJECT_CONVERSION = YES_AGGRESSIVE;
				CLANG_CXX_LANGUAGE_STANDARD = "gnu++14";
				CLANG_CXX_LIBRARY = "libc++";
				CLANG_ENABLE_MODULES = YES;
				CLANG_ENABLE_OBJC_ARC = YES;
				CLANG_ENABLE_OBJC_WEAK = YES;
				CLANG_WARN_BLOCK_CAPTURE_AUTORELEASING = YES;
				CLANG_WARN_BOOL_CONVERSION = YES;
				CLANG_WARN_COMMA = YES;
				CLANG_WARN_CONSTANT_CONVERSION = YES;
				CLANG_WARN_DEPRECATED_OBJC_IMPLEMENTATIONS = YES;
				CLANG_WARN_DIRECT_OBJC_ISA_USAGE = YES_ERROR;
				CLANG_WARN_DOCUMENTATION_COMMENTS = YES;
				CLANG_WARN_EMPTY_BODY = YES;
				CLANG_WARN_ENUM_CONVERSION = YES;
				CLANG_WARN_INFINITE_RECURSION = YES;
				CLANG_WARN_INT_CONVERSION = YES;
				CLANG_WARN_NON_LITERAL_NULL_CONVERSION = YES;
				CLANG_WARN_OBJC_IMPLICIT_RETAIN_SELF = YES;
				CLANG_WARN_OBJC_LITERAL_CONVERSION = YES;
				CLANG_WARN_OBJC_ROOT_CLASS = YES_ERROR;
				CLANG_WARN_QUOTED_INCLUDE_IN_FRAMEWORK_HEADER = YES;
				CLANG_WARN_RANGE_LOOP_ANALYSIS = YES;
				CLANG_WARN_STRICT_PROTOTYPES = YES;
				CLANG_WARN_SUSPICIOUS_MOVE = YES;
				CLANG_WARN_UNGUARDED_AVAILABILITY = YES_AGGRESSIVE;
				CLANG_WARN_UNREACHABLE_CODE = YES;
				CLANG_WARN__DUPLICATE_METHOD_MATCH = YES;
				COPY_PHASE_STRIP = NO;
				DEBUG_INFORMATION_FORMAT = "dwarf-with-dsym";
				ENABLE_NS_ASSERTIONS = NO;
				ENABLE_STRICT_OBJC_MSGSEND = YES;
				GCC_C_LANGUAGE_STANDARD = gnu11;
				GCC_NO_COMMON_BLOCKS = YES;
				GCC_WARN_64_TO_32_BIT_CONVERSION = YES;
				GCC_WARN_ABOUT_RETURN_TYPE = YES_ERROR;
				GCC_WARN_UNDECLARED_SELECTOR = YES;
				GCC_WARN_UNINITIALIZED_AUTOS = YES_AGGRESSIVE;
				GCC_WARN_UNUSED_FUNCTION = YES;
				GCC_WARN_UNUSED_VARIABLE = YES;
				IPHONEOS_DEPLOYMENT_TARGET = 14.5;
				MTL_ENABLE_DEBUG_INFO = NO;
				MTL_FAST_MATH = YES;
				SDKROOT = iphoneos;
				SWIFT_COMPILATION_MODE = wholemodule;
				SWIFT_OPTIMIZATION_LEVEL = "-O";
				VALIDATE_PRODUCT = YES;
			};
			name = Release;
		};
		4C2B318C263BA92E00ED602C /* Debug */ = {
			isa = XCBuildConfiguration;
			buildSettings = {
				ASSETCATALOG_COMPILER_APPICON_NAME = AppIcon;
				ASSETCATALOG_COMPILER_GLOBAL_ACCENT_COLOR_NAME = AccentColor;
				CODE_SIGN_STYLE = Automatic;
				INFOPLIST_FILE = Movieland/Info.plist;
				LD_RUNPATH_SEARCH_PATHS = (
					"$(inherited)",
					"@executable_path/Frameworks",
				);
				PRODUCT_BUNDLE_IDENTIFIER = mx.dasoga.Movieland;
				PRODUCT_NAME = "$(TARGET_NAME)";
				SWIFT_VERSION = 5.0;
				TARGETED_DEVICE_FAMILY = "1,2";
			};
			name = Debug;
		};
		4C2B318D263BA92E00ED602C /* Release */ = {
			isa = XCBuildConfiguration;
			buildSettings = {
				ASSETCATALOG_COMPILER_APPICON_NAME = AppIcon;
				ASSETCATALOG_COMPILER_GLOBAL_ACCENT_COLOR_NAME = AccentColor;
				CODE_SIGN_STYLE = Automatic;
				INFOPLIST_FILE = Movieland/Info.plist;
				LD_RUNPATH_SEARCH_PATHS = (
					"$(inherited)",
					"@executable_path/Frameworks",
				);
				PRODUCT_BUNDLE_IDENTIFIER = mx.dasoga.Movieland;
				PRODUCT_NAME = "$(TARGET_NAME)";
				SWIFT_VERSION = 5.0;
				TARGETED_DEVICE_FAMILY = "1,2";
			};
			name = Release;
		};
		4C2B318F263BA92E00ED602C /* Debug */ = {
			isa = XCBuildConfiguration;
			buildSettings = {
				ALWAYS_EMBED_SWIFT_STANDARD_LIBRARIES = YES;
				BUNDLE_LOADER = "$(TEST_HOST)";
				CODE_SIGN_STYLE = Automatic;
				INFOPLIST_FILE = MovielandTests/Info.plist;
				IPHONEOS_DEPLOYMENT_TARGET = 14.5;
				LD_RUNPATH_SEARCH_PATHS = (
					"$(inherited)",
					"@executable_path/Frameworks",
					"@loader_path/Frameworks",
				);
				PRODUCT_BUNDLE_IDENTIFIER = mx.dasoga.MovielandTests;
				PRODUCT_NAME = "$(TARGET_NAME)";
				SWIFT_VERSION = 5.0;
				TARGETED_DEVICE_FAMILY = "1,2";
				TEST_HOST = "$(BUILT_PRODUCTS_DIR)/Movieland.app/Movieland";
			};
			name = Debug;
		};
		4C2B3190263BA92E00ED602C /* Release */ = {
			isa = XCBuildConfiguration;
			buildSettings = {
				ALWAYS_EMBED_SWIFT_STANDARD_LIBRARIES = YES;
				BUNDLE_LOADER = "$(TEST_HOST)";
				CODE_SIGN_STYLE = Automatic;
				INFOPLIST_FILE = MovielandTests/Info.plist;
				IPHONEOS_DEPLOYMENT_TARGET = 14.5;
				LD_RUNPATH_SEARCH_PATHS = (
					"$(inherited)",
					"@executable_path/Frameworks",
					"@loader_path/Frameworks",
				);
				PRODUCT_BUNDLE_IDENTIFIER = mx.dasoga.MovielandTests;
				PRODUCT_NAME = "$(TARGET_NAME)";
				SWIFT_VERSION = 5.0;
				TARGETED_DEVICE_FAMILY = "1,2";
				TEST_HOST = "$(BUILT_PRODUCTS_DIR)/Movieland.app/Movieland";
			};
			name = Release;
		};
		4C2B3192263BA92E00ED602C /* Debug */ = {
			isa = XCBuildConfiguration;
			buildSettings = {
				ALWAYS_EMBED_SWIFT_STANDARD_LIBRARIES = YES;
				CODE_SIGN_STYLE = Automatic;
				INFOPLIST_FILE = MovielandUITests/Info.plist;
				LD_RUNPATH_SEARCH_PATHS = (
					"$(inherited)",
					"@executable_path/Frameworks",
					"@loader_path/Frameworks",
				);
				PRODUCT_BUNDLE_IDENTIFIER = mx.dasoga.MovielandUITests;
				PRODUCT_NAME = "$(TARGET_NAME)";
				SWIFT_VERSION = 5.0;
				TARGETED_DEVICE_FAMILY = "1,2";
				TEST_TARGET_NAME = Movieland;
			};
			name = Debug;
		};
		4C2B3193263BA92E00ED602C /* Release */ = {
			isa = XCBuildConfiguration;
			buildSettings = {
				ALWAYS_EMBED_SWIFT_STANDARD_LIBRARIES = YES;
				CODE_SIGN_STYLE = Automatic;
				INFOPLIST_FILE = MovielandUITests/Info.plist;
				LD_RUNPATH_SEARCH_PATHS = (
					"$(inherited)",
					"@executable_path/Frameworks",
					"@loader_path/Frameworks",
				);
				PRODUCT_BUNDLE_IDENTIFIER = mx.dasoga.MovielandUITests;
				PRODUCT_NAME = "$(TARGET_NAME)";
				SWIFT_VERSION = 5.0;
				TARGETED_DEVICE_FAMILY = "1,2";
				TEST_TARGET_NAME = Movieland;
			};
			name = Release;
		};
/* End XCBuildConfiguration section */

/* Begin XCConfigurationList section */
		4C2B315C263BA92D00ED602C /* Build configuration list for PBXProject "Movieland" */ = {
			isa = XCConfigurationList;
			buildConfigurations = (
				4C2B3189263BA92E00ED602C /* Debug */,
				4C2B318A263BA92E00ED602C /* Release */,
			);
			defaultConfigurationIsVisible = 0;
			defaultConfigurationName = Release;
		};
		4C2B318B263BA92E00ED602C /* Build configuration list for PBXNativeTarget "Movieland" */ = {
			isa = XCConfigurationList;
			buildConfigurations = (
				4C2B318C263BA92E00ED602C /* Debug */,
				4C2B318D263BA92E00ED602C /* Release */,
			);
			defaultConfigurationIsVisible = 0;
			defaultConfigurationName = Release;
		};
		4C2B318E263BA92E00ED602C /* Build configuration list for PBXNativeTarget "MovielandTests" */ = {
			isa = XCConfigurationList;
			buildConfigurations = (
				4C2B318F263BA92E00ED602C /* Debug */,
				4C2B3190263BA92E00ED602C /* Release */,
			);
			defaultConfigurationIsVisible = 0;
			defaultConfigurationName = Release;
		};
		4C2B3191263BA92E00ED602C /* Build configuration list for PBXNativeTarget "MovielandUITests" */ = {
			isa = XCConfigurationList;
			buildConfigurations = (
				4C2B3192263BA92E00ED602C /* Debug */,
				4C2B3193263BA92E00ED602C /* Release */,
			);
			defaultConfigurationIsVisible = 0;
			defaultConfigurationName = Release;
		};
/* End XCConfigurationList section */
	};
	rootObject = 4C2B3159263BA92D00ED602C /* Project object */;
}
